
Microsoft Visual Studio Solution File, Format Version 12.00
# Visual Studio Version 17
VisualStudioVersion = 17.9.34714.143
MinimumVisualStudioVersion = 10.0.40219.1
Project("{FAE04EC0-301F-11D3-BF4B-00C04F79EFBC}") = "P-365-ReadME", "P-365-ReadME\P-365-ReadME.csproj", "{E8BCD59B-7596-4134-9B53-07BB58091B0E}"
EndProject
Global
	GlobalSection(SolutionConfigurationPlatforms) = preSolution
		Debug|Any CPU = Debug|Any CPU
		Release|Any CPU = Release|Any CPU
	EndGlobalSection
	GlobalSection(ProjectConfigurationPlatforms) = postSolution
		{E8BCD59B-7596-4134-9B53-07BB58091B0E}.Debug|Any CPU.ActiveCfg = Debug|Any CPU
		{E8BCD59B-7596-4134-9B53-07BB58091B0E}.Debug|Any CPU.Build.0 = Debug|Any CPU
		{E8BCD59B-7596-4134-9B53-07BB58091B0E}.Debug|Any CPU.Deploy.0 = Debug|Any CPU
		{E8BCD59B-7596-4134-9B53-07BB58091B0E}.Release|Any CPU.ActiveCfg = Release|Any CPU
		{E8BCD59B-7596-4134-9B53-07BB58091B0E}.Release|Any CPU.Build.0 = Release|Any CPU
		{E8BCD59B-7596-4134-9B53-07BB58091B0E}.Release|Any CPU.Deploy.0 = Release|Any CPU
	EndGlobalSection
	GlobalSection(SolutionProperties) = preSolution
		HideSolutionNode = FALSE
	EndGlobalSection
	GlobalSection(ExtensibilityGlobals) = postSolution
		SolutionGuid = {405EE3A1-6BD9-4B59-8D2C-0D9DE26CED78}
	EndGlobalSection
EndGlobal
